
Microsoft Visual Studio Solution File, Format Version 12.00
# Visual Studio Version 17
VisualStudioVersion = 17.14.37111.16
MinimumVisualStudioVersion = 10.0.40219.1
Project("{8BC9CEB8-8B4A-11D0-8D11-00A0C91BC942}") = "CustomLib", "CustomLib\CustomLib.vcxproj", "{FC94B32E-94E3-4689-83CC-42B022C89D76}"
EndProject
Project("{2150E333-8FDC-42A3-9474-1A3956D46DE8}") = "Library", "Library", "{02EA681E-C7D8-13C7-8484-4AC65E1B71E8}"
EndProject
Project("{2150E333-8FDC-42A3-9474-1A3956D46DE8}") = "Exercises", "Exercises", "{A3959215-65D0-4364-BBDF-1496AFE301E4}"
EndProject
Project("{2150E333-8FDC-42A3-9474-1A3956D46DE8}") = "Assignments", "Assignments", "{5F1A8D21-92C9-4F3B-AB57-E95285068DA1}"
EndProject
Project("{8BC9CEB8-8B4A-11D0-8D11-00A0C91BC942}") = "ArraysAndVectors", "ArraysAndVectors\ArraysAndVectors.vcxproj", "{812EC4AA-4F0D-479F-B563-6E217391AE72}"
EndProject
Project("{8BC9CEB8-8B4A-11D0-8D11-00A0C91BC942}") = "Assignment1", "Assignment1\Assignment1.vcxproj", "{D2301EC8-430F-4CDF-859D-EA6434CD05B2}"
EndProject
Project("{8BC9CEB8-8B4A-11D0-8D11-00A0C91BC942}") = "IteratorsAndPriorityQueue", "IteratorsAndPriorityQueue\IteratorsAndPriorityQueue.vcxproj", "{54F92B17-B30E-40E7-8309-AE7D5CF858FA}"
EndProject
Project("{8BC9CEB8-8B4A-11D0-8D11-00A0C91BC942}") = "Assignment2", "Assignment2\Assignment2.vcxproj", "{ABC25F1C-C7E6-4424-B6F8-313822CF7D1D}"
EndProject
Project("{8BC9CEB8-8B4A-11D0-8D11-00A0C91BC942}") = "KDTree", "KDTree\KDTree.vcxproj", "{866EF745-67B5-4E61-B134-CF3A20C2F376}"
EndProject
Project("{8BC9CEB8-8B4A-11D0-8D11-00A0C91BC942}") = "Assignment3", "Assignment3\Assignment3.vcxproj", "{426EBB80-2161-4E1A-ACF7-2BE784A58348}"
EndProject
Project("{8BC9CEB8-8B4A-11D0-8D11-00A0C91BC942}") = "Graph", "Graph\Graph.vcxproj", "{6D7DA0C3-02F3-43B4-B4B7-E7D5BB0785A0}"
EndProject
Project("{8BC9CEB8-8B4A-11D0-8D11-00A0C91BC942}") = "SortingAndUnorderedMap", "SortingAndUnorderedMap\SortingAndUnorderedMap.vcxproj", "{80604682-2254-4ACF-AB0D-B10680A641DF}"
EndProject
Project("{8BC9CEB8-8B4A-11D0-8D11-00A0C91BC942}") = "Assignment4", "Assignment4\Assignment4.vcxproj", "{DE62EA36-3488-4959-A1C9-0352E6B55AE2}"
EndProject
Project("{8BC9CEB8-8B4A-11D0-8D11-00A0C91BC942}") = "Map", "Map\Map.vcxproj", "{7E9EB994-DAF8-4404-B998-BA14295F736F}"
EndProject
Project("{8BC9CEB8-8B4A-11D0-8D11-00A0C91BC942}") = "Assignment5", "Assignment5\Assignment5.vcxproj", "{8002C206-D31B-47E0-AD19-CD4B9CA31B75}"
EndProject
Project("{8BC9CEB8-8B4A-11D0-8D11-00A0C91BC942}") = "AdvancedSorting", "AdvancedSorting\AdvancedSorting.vcxproj", "{DA77C46D-CF44-4FB8-9EBB-F32653339A12}"
EndProject
Project("{8BC9CEB8-8B4A-11D0-8D11-00A0C91BC942}") = "Assignment6", "Assignment6\Assignment6.vcxproj", "{C28DFA52-1E70-4FF1-878F-40A7702D94E5}"
EndProject
Global
	GlobalSection(SolutionConfigurationPlatforms) = preSolution
		Debug|x64 = Debug|x64
		Debug|x86 = Debug|x86
		Release|x64 = Release|x64
		Release|x86 = Release|x86
	EndGlobalSection
	GlobalSection(ProjectConfigurationPlatforms) = postSolution
		{FC94B32E-94E3-4689-83CC-42B022C89D76}.Debug|x64.ActiveCfg = Debug|x64
		{FC94B32E-94E3-4689-83CC-42B022C89D76}.Debug|x64.Build.0 = Debug|x64
		{FC94B32E-94E3-4689-83CC-42B022C89D76}.Debug|x86.ActiveCfg = Debug|Win32
		{FC94B32E-94E3-4689-83CC-42B022C89D76}.Debug|x86.Build.0 = Debug|Win32
		{FC94B32E-94E3-4689-83CC-42B022C89D76}.Release|x64.ActiveCfg = Release|x64
		{FC94B32E-94E3-4689-83CC-42B022C89D76}.Release|x64.Build.0 = Release|x64
		{FC94B32E-94E3-4689-83CC-42B022C89D76}.Release|x86.ActiveCfg = Release|Win32
		{FC94B32E-94E3-4689-83CC-42B022C89D76}.Release|x86.Build.0 = Release|Win32
		{812EC4AA-4F0D-479F-B563-6E217391AE72}.Debug|x64.ActiveCfg = Debug|x64
		{812EC4AA-4F0D-479F-B563-6E217391AE72}.Debug|x64.Build.0 = Debug|x64
		{812EC4AA-4F0D-479F-B563-6E217391AE72}.Debug|x86.ActiveCfg = Debug|Win32
		{812EC4AA-4F0D-479F-B563-6E217391AE72}.Debug|x86.Build.0 = Debug|Win32
		{812EC4AA-4F0D-479F-B563-6E217391AE72}.Release|x64.ActiveCfg = Release|x64
		{812EC4AA-4F0D-479F-B563-6E217391AE72}.Release|x64.Build.0 = Release|x64
		{812EC4AA-4F0D-479F-B563-6E217391AE72}.Release|x86.ActiveCfg = Release|Win32
		{812EC4AA-4F0D-479F-B563-6E217391AE72}.Release|x86.Build.0 = Release|Win32
		{D2301EC8-430F-4CDF-859D-EA6434CD05B2}.Debug|x64.ActiveCfg = Debug|x64
		{D2301EC8-430F-4CDF-859D-EA6434CD05B2}.Debug|x64.Build.0 = Debug|x64
		{D2301EC8-430F-4CDF-859D-EA6434CD05B2}.Debug|x86.ActiveCfg = Debug|Win32
		{D2301EC8-430F-4CDF-859D-EA6434CD05B2}.Debug|x86.Build.0 = Debug|Win32
		{D2301EC8-430F-4CDF-859D-EA6434CD05B2}.Release|x64.ActiveCfg = Release|x64
		{D2301EC8-430F-4CDF-859D-EA6434CD05B2}.Release|x64.Build.0 = Release|x64
		{D2301EC8-430F-4CDF-859D-EA6434CD05B2}.Release|x86.ActiveCfg = Release|Win32
		{D2301EC8-430F-4CDF-859D-EA6434CD05B2}.Release|x86.Build.0 = Release|Win32
		{54F92B17-B30E-40E7-8309-AE7D5CF858FA}.Debug|x64.ActiveCfg = Debug|x64
		{54F92B17-B30E-40E7-8309-AE7D5CF858FA}.Debug|x64.Build.0 = Debug|x64
		{54F92B17-B30E-40E7-8309-AE7D5CF858FA}.Debug|x86.ActiveCfg = Debug|Win32
		{54F92B17-B30E-40E7-8309-AE7D5CF858FA}.Debug|x86.Build.0 = Debug|Win32
		{54F92B17-B30E-40E7-8309-AE7D5CF858FA}.Release|x64.ActiveCfg = Release|x64
		{54F92B17-B30E-40E7-8309-AE7D5CF858FA}.Release|x64.Build.0 = Release|x64
		{54F92B17-B30E-40E7-8309-AE7D5CF858FA}.Release|x86.ActiveCfg = Release|Win32
		{54F92B17-B30E-40E7-8309-AE7D5CF858FA}.Release|x86.Build.0 = Release|Win32
		{ABC25F1C-C7E6-4424-B6F8-313822CF7D1D}.Debug|x64.ActiveCfg = Debug|x64
		{ABC25F1C-C7E6-4424-B6F8-313822CF7D1D}.Debug|x64.Build.0 = Debug|x64
		{ABC25F1C-C7E6-4424-B6F8-313822CF7D1D}.Debug|x86.ActiveCfg = Debug|Win32
		{ABC25F1C-C7E6-4424-B6F8-313822CF7D1D}.Debug|x86.Build.0 = Debug|Win32
		{ABC25F1C-C7E6-4424-B6F8-313822CF7D1D}.Release|x64.ActiveCfg = Release|x64
		{ABC25F1C-C7E6-4424-B6F8-313822CF7D1D}.Release|x64.Build.0 = Release|x64
		{ABC25F1C-C7E6-4424-B6F8-313822CF7D1D}.Release|x86.ActiveCfg = Release|Win32
		{ABC25F1C-C7E6-4424-B6F8-313822CF7D1D}.Release|x86.Build.0 = Release|Win32
		{866EF745-67B5-4E61-B134-CF3A20C2F376}.Debug|x64.ActiveCfg = Debug|x64
		{866EF745-67B5-4E61-B134-CF3A20C2F376}.Debug|x64.Build.0 = Debug|x64
		{866EF745-67B5-4E61-B134-CF3A20C2F376}.Debug|x86.ActiveCfg = Debug|Win32
		{866EF745-67B5-4E61-B134-CF3A20C2F376}.Debug|x86.Build.0 = Debug|Win32
		{866EF745-67B5-4E61-B134-CF3A20C2F376}.Release|x64.ActiveCfg = Release|x64
		{866EF745-67B5-4E61-B134-CF3A20C2F376}.Release|x64.Build.0 = Release|x64
		{866EF745-67B5-4E61-B134-CF3A20C2F376}.Release|x86.ActiveCfg = Release|Win32
		{866EF745-67B5-4E61-B134-CF3A20C2F376}.Release|x86.Build.0 = Release|Win32
		{426EBB80-2161-4E1A-ACF7-2BE784A58348}.Debug|x64.ActiveCfg = Debug|x64
		{426EBB80-2161-4E1A-ACF7-2BE784A58348}.Debug|x64.Build.0 = Debug|x64
		{426EBB80-2161-4E1A-ACF7-2BE784A58348}.Debug|x86.ActiveCfg = Debug|Win32
		{426EBB80-2161-4E1A-ACF7-2BE784A58348}.Debug|x86.Build.0 = Debug|Win32
		{426EBB80-2161-4E1A-ACF7-2BE784A58348}.Release|x64.ActiveCfg = Release|x64
		{426EBB80-2161-4E1A-ACF7-2BE784A58348}.Release|x64.Build.0 = Release|x64
		{426EBB80-2161-4E1A-ACF7-2BE784A58348}.Release|x86.ActiveCfg = Release|Win32
		{426EBB80-2161-4E1A-ACF7-2BE784A58348}.Release|x86.Build.0 = Release|Win32
		{6D7DA0C3-02F3-43B4-B4B7-E7D5BB0785A0}.Debug|x64.ActiveCfg = Debug|x64
		{6D7DA0C3-02F3-43B4-B4B7-E7D5BB0785A0}.Debug|x64.Build.0 = Debug|x64
		{6D7DA0C3-02F3-43B4-B4B7-E7D5BB0785A0}.Debug|x86.ActiveCfg = Debug|Win32
		{6D7DA0C3-02F3-43B4-B4B7-E7D5BB0785A0}.Debug|x86.Build.0 = Debug|Win32
		{6D7DA0C3-02F3-43B4-B4B7-E7D5BB0785A0}.Release|x64.ActiveCfg = Release|x64
		{6D7DA0C3-02F3-43B4-B4B7-E7D5BB0785A0}.Release|x64.Build.0 = Release|x64
		{6D7DA0C3-02F3-43B4-B4B7-E7D5BB0785A0}.Release|x86.ActiveCfg = Release|Win32
		{6D7DA0C3-02F3-43B4-B4B7-E7D5BB0785A0}.Release|x86.Build.0 = Release|Win32
		{80604682-2254-4ACF-AB0D-B10680A641DF}.Debug|x64.ActiveCfg = Debug|x64
		{80604682-2254-4ACF-AB0D-B10680A641DF}.Debug|x64.Build.0 = Debug|x64
		{80604682-2254-4ACF-AB0D-B10680A641DF}.Debug|x86.ActiveCfg = Debug|Win32
		{80604682-2254-4ACF-AB0D-B10680A641DF}.Debug|x86.Build.0 = Debug|Win32
		{80604682-2254-4ACF-AB0D-B10680A641DF}.Release|x64.ActiveCfg = Release|x64
		{80604682-2254-4ACF-AB0D-B10680A641DF}.Release|x64.Build.0 = Release|x64
		{80604682-2254-4ACF-AB0D-B10680A641DF}.Release|x86.ActiveCfg = Release|Win32
		{80604682-2254-4ACF-AB0D-B10680A641DF}.Release|x86.Build.0 = Release|Win32
		{DE62EA36-3488-4959-A1C9-0352E6B55AE2}.Debug|x64.ActiveCfg = Debug|x64
		{DE62EA36-3488-4959-A1C9-0352E6B55AE2}.Debug|x64.Build.0 = Debug|x64
		{DE62EA36-3488-4959-A1C9-0352E6B55AE2}.Debug|x86.ActiveCfg = Debug|Win32
		{DE62EA36-3488-4959-A1C9-0352E6B55AE2}.Debug|x86.Build.0 = Debug|Win32
		{DE62EA36-3488-4959-A1C9-0352E6B55AE2}.Release|x64.ActiveCfg = Release|x64
		{DE62EA36-3488-4959-A1C9-0352E6B55AE2}.Release|x64.Build.0 = Release|x64
		{DE62EA36-3488-4959-A1C9-0352E6B55AE2}.Release|x86.ActiveCfg = Release|Win32
		{DE62EA36-3488-4959-A1C9-0352E6B55AE2}.Release|x86.Build.0 = Release|Win32
		{7E9EB994-DAF8-4404-B998-BA14295F736F}.Debug|x64.ActiveCfg = Debug|x64
		{7E9EB994-DAF8-4404-B998-BA14295F736F}.Debug|x64.Build.0 = Debug|x64
		{7E9EB994-DAF8-4404-B998-BA14295F736F}.Debug|x86.ActiveCfg = Debug|Win32
		{7E9EB994-DAF8-4404-B998-BA14295F736F}.Debug|x86.Build.0 = Debug|Win32
		{7E9EB994-DAF8-4404-B998-BA14295F736F}.Release|x64.ActiveCfg = Release|x64
		{7E9EB994-DAF8-4404-B998-BA14295F736F}.Release|x64.Build.0 = Release|x64
		{7E9EB994-DAF8-4404-B998-BA14295F736F}.Release|x86.ActiveCfg = Release|Win32
		{7E9EB994-DAF8-4404-B998-BA14295F736F}.Release|x86.Build.0 = Release|Win32
		{8002C206-D31B-47E0-AD19-CD4B9CA31B75}.Debug|x64.ActiveCfg = Debug|x64
		{8002C206-D31B-47E0-AD19-CD4B9CA31B75}.Debug|x64.Build.0 = Debug|x64
		{8002C206-D31B-47E0-AD19-CD4B9CA31B75}.Debug|x86.ActiveCfg = Debug|Win32
		{8002C206-D31B-47E0-AD19-CD4B9CA31B75}.Debug|x86.Build.0 = Debug|Win32
		{8002C206-D31B-47E0-AD19-CD4B9CA31B75}.Release|x64.ActiveCfg = Release|x64
		{8002C206-D31B-47E0-AD19-CD4B9CA31B75}.Release|x64.Build.0 = Release|x64
		{8002C206-D31B-47E0-AD19-CD4B9CA31B75}.Release|x86.ActiveCfg = Release|Win32
		{8002C206-D31B-47E0-AD19-CD4B9CA31B75}.Release|x86.Build.0 = Release|Win32
		{DA77C46D-CF44-4FB8-9EBB-F32653339A12}.Debug|x64.ActiveCfg = Debug|x64
		{DA77C46D-CF44-4FB8-9EBB-F32653339A12}.Debug|x64.Build.0 = Debug|x64
		{DA77C46D-CF44-4FB8-9EBB-F32653339A12}.Debug|x86.ActiveCfg = Debug|Win32
		{DA77C46D-CF44-4FB8-9EBB-F32653339A12}.Debug|x86.Build.0 = Debug|Win32
		{DA77C46D-CF44-4FB8-9EBB-F32653339A12}.Release|x64.ActiveCfg = Release|x64
		{DA77C46D-CF44-4FB8-9EBB-F32653339A12}.Release|x64.Build.0 = Release|x64
		{DA77C46D-CF44-4FB8-9EBB-F32653339A12}.Release|x86.ActiveCfg = Release|Win32
		{DA77C46D-CF44-4FB8-9EBB-F32653339A12}.Release|x86.Build.0 = Release|Win32
		{C28DFA52-1E70-4FF1-878F-40A7702D94E5}.Debug|x64.ActiveCfg = Debug|x64
		{C28DFA52-1E70-4FF1-878F-40A7702D94E5}.Debug|x64.Build.0 = Debug|x64
		{C28DFA52-1E70-4FF1-878F-40A7702D94E5}.Debug|x86.ActiveCfg = Debug|Win32
		{C28DFA52-1E70-4FF1-878F-40A7702D94E5}.Debug|x86.Build.0 = Debug|Win32
		{C28DFA52-1E70-4FF1-878F-40A7702D94E5}.Release|x64.ActiveCfg = Release|x64
		{C28DFA52-1E70-4FF1-878F-40A7702D94E5}.Release|x64.Build.0 = Release|x64
		{C28DFA52-1E70-4FF1-878F-40A7702D94E5}.Release|x86.ActiveCfg = Release|Win32
		{C28DFA52-1E70-4FF1-878F-40A7702D94E5}.Release|x86.Build.0 = Release|Win32
	EndGlobalSection
	GlobalSection(SolutionProperties) = preSolution
		HideSolutionNode = FALSE
	EndGlobalSection
	GlobalSection(NestedProjects) = preSolution
		{FC94B32E-94E3-4689-83CC-42B022C89D76} = {02EA681E-C7D8-13C7-8484-4AC65E1B71E8}
		{812EC4AA-4F0D-479F-B563-6E217391AE72} = {A3959215-65D0-4364-BBDF-1496AFE301E4}
		{D2301EC8-430F-4CDF-859D-EA6434CD05B2} = {5F1A8D21-92C9-4F3B-AB57-E95285068DA1}
		{54F92B17-B30E-40E7-8309-AE7D5CF858FA} = {A3959215-65D0-4364-BBDF-1496AFE301E4}
		{ABC25F1C-C7E6-4424-B6F8-313822CF7D1D} = {5F1A8D21-92C9-4F3B-AB57-E95285068DA1}
		{866EF745-67B5-4E61-B134-CF3A20C2F376} = {A3959215-65D0-4364-BBDF-1496AFE301E4}
		{426EBB80-2161-4E1A-ACF7-2BE784A58348} = {5F1A8D21-92C9-4F3B-AB57-E95285068DA1}
		{6D7DA0C3-02F3-43B4-B4B7-E7D5BB0785A0} = {A3959215-65D0-4364-BBDF-1496AFE301E4}
		{80604682-2254-4ACF-AB0D-B10680A641DF} = {A3959215-65D0-4364-BBDF-1496AFE301E4}
		{DE62EA36-3488-4959-A1C9-0352E6B55AE2} = {5F1A8D21-92C9-4F3B-AB57-E95285068DA1}
		{7E9EB994-DAF8-4404-B998-BA14295F736F} = {A3959215-65D0-4364-BBDF-1496AFE301E4}
		{8002C206-D31B-47E0-AD19-CD4B9CA31B75} = {5F1A8D21-92C9-4F3B-AB57-E95285068DA1}
		{DA77C46D-CF44-4FB8-9EBB-F32653339A12} = {A3959215-65D0-4364-BBDF-1496AFE301E4}
		{C28DFA52-1E70-4FF1-878F-40A7702D94E5} = {5F1A8D21-92C9-4F3B-AB57-E95285068DA1}
	EndGlobalSection
	GlobalSection(ExtensibilityGlobals) = postSolution
		SolutionGuid = {A6F416AF-CDAB-4C49-812A-914A948083F1}
	EndGlobalSection
EndGlobal
